
Microsoft Visual Studio Solution File, Format Version 12.00
# Visual Studio 15
VisualStudioVersion = 15.0.26124.0
MinimumVisualStudioVersion = 15.0.26124.0
Project("{FAE04EC0-301F-11D3-BF4B-00C04F79EFBC}") = "sentimentdata", "sentimentdata\sentimentdata.csproj", "{89F4DB86-5723-407D-9FF4-0A5229279946}"
EndProject
Project("{FAE04EC0-301F-11D3-BF4B-00C04F79EFBC}") = "taxi", "taxi\taxi.csproj", "{C8555E91-83E8-4FE1-B2B5-0C68B88AE903}"
EndProject
Project("{FAE04EC0-301F-11D3-BF4B-00C04F79EFBC}") = "iris", "iris\iris.csproj", "{FEA73993-8312-410F-ADFC-EDD264597E58}"
EndProject
Global
	GlobalSection(SolutionConfigurationPlatforms) = preSolution
		Debug|Any CPU = Debug|Any CPU
		Debug|x64 = Debug|x64
		Debug|x86 = Debug|x86
		Release|Any CPU = Release|Any CPU
		Release|x64 = Release|x64
		Release|x86 = Release|x86
	EndGlobalSection
	GlobalSection(SolutionProperties) = preSolution
		HideSolutionNode = FALSE
	EndGlobalSection
	GlobalSection(ProjectConfigurationPlatforms) = postSolution
		{89F4DB86-5723-407D-9FF4-0A5229279946}.Debug|Any CPU.ActiveCfg = Debug|Any CPU
		{89F4DB86-5723-407D-9FF4-0A5229279946}.Debug|Any CPU.Build.0 = Debug|Any CPU
		{89F4DB86-5723-407D-9FF4-0A5229279946}.Debug|x64.ActiveCfg = Debug|Any CPU
		{89F4DB86-5723-407D-9FF4-0A5229279946}.Debug|x64.Build.0 = Debug|Any CPU
		{89F4DB86-5723-407D-9FF4-0A5229279946}.Debug|x86.ActiveCfg = Debug|Any CPU
		{89F4DB86-5723-407D-9FF4-0A5229279946}.Debug|x86.Build.0 = Debug|Any CPU
		{89F4DB86-5723-407D-9FF4-0A5229279946}.Release|Any CPU.ActiveCfg = Release|Any CPU
		{89F4DB86-5723-407D-9FF4-0A5229279946}.Release|Any CPU.Build.0 = Release|Any CPU
		{89F4DB86-5723-407D-9FF4-0A5229279946}.Release|x64.ActiveCfg = Release|Any CPU
		{89F4DB86-5723-407D-9FF4-0A5229279946}.Release|x64.Build.0 = Release|Any CPU
		{89F4DB86-5723-407D-9FF4-0A5229279946}.Release|x86.ActiveCfg = Release|Any CPU
		{89F4DB86-5723-407D-9FF4-0A5229279946}.Release|x86.Build.0 = Release|Any CPU
		{C8555E91-83E8-4FE1-B2B5-0C68B88AE903}.Debug|Any CPU.ActiveCfg = Debug|Any CPU
		{C8555E91-83E8-4FE1-B2B5-0C68B88AE903}.Debug|Any CPU.Build.0 = Debug|Any CPU
		{C8555E91-83E8-4FE1-B2B5-0C68B88AE903}.Debug|x64.ActiveCfg = Debug|Any CPU
		{C8555E91-83E8-4FE1-B2B5-0C68B88AE903}.Debug|x64.Build.0 = Debug|Any CPU
		{C8555E91-83E8-4FE1-B2B5-0C68B88AE903}.Debug|x86.ActiveCfg = Debug|Any CPU
		{C8555E91-83E8-4FE1-B2B5-0C68B88AE903}.Debug|x86.Build.0 = Debug|Any CPU
		{C8555E91-83E8-4FE1-B2B5-0C68B88AE903}.Release|Any CPU.ActiveCfg = Release|Any CPU
		{C8555E91-83E8-4FE1-B2B5-0C68B88AE903}.Release|Any CPU.Build.0 = Release|Any CPU
		{C8555E91-83E8-4FE1-B2B5-0C68B88AE903}.Release|x64.ActiveCfg = Release|Any CPU
		{C8555E91-83E8-4FE1-B2B5-0C68B88AE903}.Release|x64.Build.0 = Release|Any CPU
		{C8555E91-83E8-4FE1-B2B5-0C68B88AE903}.Release|x86.ActiveCfg = Release|Any CPU
		{C8555E91-83E8-4FE1-B2B5-0C68B88AE903}.Release|x86.Build.0 = Release|Any CPU
		{FEA73993-8312-410F-ADFC-EDD264597E58}.Debug|Any CPU.ActiveCfg = Debug|Any CPU
		{FEA73993-8312-410F-ADFC-EDD264597E58}.Debug|Any CPU.Build.0 = Debug|Any CPU
		{FEA73993-8312-410F-ADFC-EDD264597E58}.Debug|x64.ActiveCfg = Debug|Any CPU
		{FEA73993-8312-410F-ADFC-EDD264597E58}.Debug|x64.Build.0 = Debug|Any CPU
		{FEA73993-8312-410F-ADFC-EDD264597E58}.Debug|x86.ActiveCfg = Debug|Any CPU
		{FEA73993-8312-410F-ADFC-EDD264597E58}.Debug|x86.Build.0 = Debug|Any CPU
		{FEA73993-8312-410F-ADFC-EDD264597E58}.Release|Any CPU.ActiveCfg = Release|Any CPU
		{FEA73993-8312-410F-ADFC-EDD264597E58}.Release|Any CPU.Build.0 = Release|Any CPU
		{FEA73993-8312-410F-ADFC-EDD264597E58}.Release|x64.ActiveCfg = Release|Any CPU
		{FEA73993-8312-410F-ADFC-EDD264597E58}.Release|x64.Build.0 = Release|Any CPU
		{FEA73993-8312-410F-ADFC-EDD264597E58}.Release|x86.ActiveCfg = Release|Any CPU
		{FEA73993-8312-410F-ADFC-EDD264597E58}.Release|x86.Build.0 = Release|Any CPU
	EndGlobalSection
EndGlobal
